PODS:
  - OpenMultitouchSupport (1.1)

DEPENDENCIES:
  - OpenMultitouchSupport (from `https://github.com/Reeywhaar/OpenMultitouchSupport.git`, branch `master`)

EXTERNAL SOURCES:
  OpenMultitouchSupport:
    :branch: master
    :git: https://github.com/Reeywhaar/OpenMultitouchSupport.git

CHECKOUT OPTIONS:
  OpenMultitouchSupport:
    :commit: 64c4710ed178e44ac015935786ad3722b1d9e4dc
    :git: https://github.com/Reeywhaar/OpenMultitouchSupport.git

SPEC CHECKSUMS:
  OpenMultitouchSupport: a755e884bd10b95f679614a6a229b1af97073dff

PODFILE CHECKSUM: 65d03c6862d6dce0d68b0489bad9bd28886315b6

COCOAPODS: 1.12.1
