{
  "pins" : [
    {
      "identity" : "launchagent",
      "kind" : "remoteSourceControl",
      "location" : "https://github.com/emorydunn/LaunchAgent",
      "state" : {
        "revision" : "9f6d33abfa4a0a45a877e9b884391981c1f4152b",
        "version" : "0.3.0"
      }
    }
  ],
  "version" : 2
}
